
Microsoft Visual Studio Solution File, Format Version 12.00
# Visual Studio Version 16
VisualStudioVersion = 16.0.31019.35
MinimumVisualStudioVersion = 10.0.40219.1
Project("{FAE04EC0-301F-11D3-BF4B-00C04F79EFBC}") = "GrpcServer", "GrpcServer\GrpcServer.csproj", "{FAC605C1-F4BA-4BAE-9D4B-F31C2939855A}"
EndProject
Project("{FAE04EC0-301F-11D3-BF4B-00C04F79EFBC}") = "GrpcClient", "GrpcClient\GrpcClient.csproj", "{E17B6149-C276-49C2-B99D-642681300588}"
EndProject
Global
	GlobalSection(SolutionConfigurationPlatforms) = preSolution
		Debug|Any CPU = Debug|Any CPU
		Release|Any CPU = Release|Any CPU
	EndGlobalSection
	GlobalSection(ProjectConfigurationPlatforms) = postSolution
		{FAC605C1-F4BA-4BAE-9D4B-F31C2939855A}.Debug|Any CPU.ActiveCfg = Debug|Any CPU
		{FAC605C1-F4BA-4BAE-9D4B-F31C2939855A}.Debug|Any CPU.Build.0 = Debug|Any CPU
		{FAC605C1-F4BA-4BAE-9D4B-F31C2939855A}.Release|Any CPU.ActiveCfg = Release|Any CPU
		{FAC605C1-F4BA-4BAE-9D4B-F31C2939855A}.Release|Any CPU.Build.0 = Release|Any CPU
		{E17B6149-C276-49C2-B99D-642681300588}.Debug|Any CPU.ActiveCfg = Debug|Any CPU
		{E17B6149-C276-49C2-B99D-642681300588}.Debug|Any CPU.Build.0 = Debug|Any CPU
		{E17B6149-C276-49C2-B99D-642681300588}.Release|Any CPU.ActiveCfg = Release|Any CPU
		{E17B6149-C276-49C2-B99D-642681300588}.Release|Any CPU.Build.0 = Release|Any CPU
	EndGlobalSection
	GlobalSection(SolutionProperties) = preSolution
		HideSolutionNode = FALSE
	EndGlobalSection
	GlobalSection(ExtensibilityGlobals) = postSolution
		SolutionGuid = {0D62FADF-54D4-41C5-8955-22870DF2D00E}
	EndGlobalSection
EndGlobal
